// !$*UTF8*$!
{
	archiveVersion = 1;
	classes = {
	};
	objectVersion = 46;
	objects = {

/* Begin PBXBuildFile section */
		800786381E1B1DEE00800EBC /* TaskSubViewsLauncher.swift in Sources */ = {isa = PBXBuildFile; fileRef = 800786371E1B1DEE00800EBC /* TaskSubViewsLauncher.swift */; };
		8031AE081E104B4400214059 /* AppDelegate.swift in Sources */ = {isa = PBXBuildFile; fileRef = 8031AE071E104B4400214059 /* AppDelegate.swift */; };
		8031AE0D1E104B4400214059 /* Main.storyboard in Resources */ = {isa = PBXBuildFile; fileRef = 8031AE0B1E104B4400214059 /* Main.storyboard */; };
		8031AE0F1E104B4400214059 /* Assets.xcassets in Resources */ = {isa = PBXBuildFile; fileRef = 8031AE0E1E104B4400214059 /* Assets.xcassets */; };
		805CA0AC1E2179DE00BDA8A9 /* GoogleService-Info.plist in Resources */ = {isa = PBXBuildFile; fileRef = 805CA0AB1E2179DE00BDA8A9 /* GoogleService-Info.plist */; };
		80B882081E273AC5007A6565 /* User.swift in Sources */ = {isa = PBXBuildFile; fileRef = 80B882071E273AC5007A6565 /* User.swift */; };
		80C2D2FB1E14348900307B44 /* AddTaskViewController.swift in Sources */ = {isa = PBXBuildFile; fileRef = 80C2D2FA1E14348900307B44 /* AddTaskViewController.swift */; };
		80E601141E27138C00E02E6F /* Launch Screen.storyboard in Resources */ = {isa = PBXBuildFile; fileRef = 80E601131E27138C00E02E6F /* Launch Screen.storyboard */; };
		80EF1BF11E10548000009003 /* LoginViewController.swift in Sources */ = {isa = PBXBuildFile; fileRef = 80EF1BF01E10548000009003 /* LoginViewController.swift */; };
		80F71A1F1E12E5B9007E14EB /* TaskListViewController.swift in Sources */ = {isa = PBXBuildFile; fileRef = 80F71A1E1E12E5B9007E14EB /* TaskListViewController.swift */; };
		80F71A221E12E83D007E14EB /* Task.swift in Sources */ = {isa = PBXBuildFile; fileRef = 80F71A211E12E83D007E14EB /* Task.swift */; };
		80F71A241E12ED36007E14EB /* TaskCell.swift in Sources */ = {isa = PBXBuildFile; fileRef = 80F71A231E12ED36007E14EB /* TaskCell.swift */; };
		CD84FAE8773336E07AD46548 /* Pods_TeamManager.framework in Frameworks */ = {isa = PBXBuildFile; fileRef = BE57106949BE91144468C64F /* Pods_TeamManager.framework */; };
/* End PBXBuildFile section */

/* Begin PBXFileReference section */
		4155466D80CBB3AA97B9AF35 /* Pods-TeamManager.release.xcconfig */ = {isa = PBXFileReference; includeInIndex = 1; lastKnownFileType = text.xcconfig; name = "Pods-TeamManager.release.xcconfig"; path = "Pods/Target Support Files/Pods-TeamManager/Pods-TeamManager.release.xcconfig"; sourceTree = "<group>"; };
		800786371E1B1DEE00800EBC /* TaskSubViewsLauncher.swift */ = {isa = PBXFileReference; fileEncoding = 4; lastKnownFileType = sourcecode.swift; path = TaskSubViewsLauncher.swift; sourceTree = "<group>"; };
		8031AE041E104B4400214059 /* TeamManager.app */ = {isa = PBXFileReference; explicitFileType = wrapper.application; includeInIndex = 0; path = TeamManager.app; sourceTree = BUILT_PRODUCTS_DIR; };
		8031AE071E104B4400214059 /* AppDelegate.swift */ = {isa = PBXFileReference; lastKnownFileType = sourcecode.swift; path = AppDelegate.swift; sourceTree = "<group>"; };
		8031AE0C1E104B4400214059 /* Base */ = {isa = PBXFileReference; lastKnownFileType = file.storyboard; name = Base; path = Base.lproj/Main.storyboard; sourceTree = "<group>"; };
		8031AE0E1E104B4400214059 /* Assets.xcassets */ = {isa = PBXFileReference; lastKnownFileType = folder.assetcatalog; path = Assets.xcassets; sourceTree = "<group>"; };
		8031AE131E104B4400214059 /* Info.plist */ = {isa = PBXFileReference; lastKnownFileType = text.plist.xml; path = Info.plist; sourceTree = "<group>"; };
		805CA0AB1E2179DE00BDA8A9 /* GoogleService-Info.plist */ = {isa = PBXFileReference; fileEncoding = 4; lastKnownFileType = text.plist.xml; path = "GoogleService-Info.plist"; sourceTree = "<group>"; };
		80B882071E273AC5007A6565 /* User.swift */ = {isa = PBXFileReference; fileEncoding = 4; lastKnownFileType = sourcecode.swift; path = User.swift; sourceTree = "<group>"; };
		80C2D2FA1E14348900307B44 /* AddTaskViewController.swift */ = {isa = PBXFileReference; fileEncoding = 4; lastKnownFileType = sourcecode.swift; path = AddTaskViewController.swift; sourceTree = "<group>"; };
		80E601131E27138C00E02E6F /* Launch Screen.storyboard */ = {isa = PBXFileReference; fileEncoding = 4; lastKnownFileType = file.storyboard; name = "Launch Screen.storyboard"; path = "../Launch Screen.storyboard"; sourceTree = "<group>"; };
		80EF1BF01E10548000009003 /* LoginViewController.swift */ = {isa = PBXFileReference; fileEncoding = 4; lastKnownFileType = sourcecode.swift; path = LoginViewController.swift; sourceTree = "<group>"; };
		80F71A1E1E12E5B9007E14EB /* TaskListViewController.swift */ = {isa = PBXFileReference; fileEncoding = 4; lastKnownFileType = sourcecode.swift; path = TaskListViewController.swift; sourceTree = "<group>"; };
		80F71A211E12E83D007E14EB /* Task.swift */ = {isa = PBXFileReference; fileEncoding = 4; lastKnownFileType = sourcecode.swift; path = Task.swift; sourceTree = "<group>"; };
		80F71A231E12ED36007E14EB /* TaskCell.swift */ = {isa = PBXFileReference; fileEncoding = 4; lastKnownFileType = sourcecode.swift; path = TaskCell.swift; sourceTree = "<group>"; };
		BAC9A037FF07C36334E42A8C /* Pods-TeamManager.debug.xcconfig */ = {isa = PBXFileReference; includeInIndex = 1; lastKnownFileType = text.xcconfig; name = "Pods-TeamManager.debug.xcconfig"; path = "Pods/Target Support Files/Pods-TeamManager/Pods-TeamManager.debug.xcconfig"; sourceTree = "<group>"; };
		BE57106949BE91144468C64F /* Pods_TeamManager.framework */ = {isa = PBXFileReference; explicitFileType = wrapper.framework; includeInIndex = 0; path = Pods_TeamManager.framework; sourceTree = BUILT_PRODUCTS_DIR; };
/* End PBXFileReference section */

/* Begin PBXFrameworksBuildPhase section */
		8031AE011E104B4400214059 /* Frameworks */ = {
			isa = PBXFrameworksBuildPhase;
			buildActionMask = 2147483647;
			files = (
				CD84FAE8773336E07AD46548 /* Pods_TeamManager.framework in Frameworks */,
			);
			runOnlyForDeploymentPostprocessing = 0;
		};
/* End PBXFrameworksBuildPhase section */

/* Begin PBXGroup section */
		8031ADFB1E104B4400214059 = {
			isa = PBXGroup;
			children = (
				8031AE061E104B4400214059 /* TeamManager */,
				8031AE051E104B4400214059 /* Products */,
				C0868668C51020AF2D3DE191 /* Pods */,
				8C65AFA399A96CBC5CD5327D /* Frameworks */,
			);
			sourceTree = "<group>";
		};
		8031AE051E104B4400214059 /* Products */ = {
			isa = PBXGroup;
			children = (
				8031AE041E104B4400214059 /* TeamManager.app */,
			);
			name = Products;
			sourceTree = "<group>";
		};
		8031AE061E104B4400214059 /* TeamManager */ = {
			isa = PBXGroup;
			children = (
				8031AE071E104B4400214059 /* AppDelegate.swift */,
				8031AE0B1E104B4400214059 /* Main.storyboard */,
				80F71A201E12E82D007E14EB /* Model */,
				80F71A1D1E12E5A3007E14EB /* Controller */,
				8031AE0E1E104B4400214059 /* Assets.xcassets */,
				80E601131E27138C00E02E6F /* Launch Screen.storyboard */,
				8031AE131E104B4400214059 /* Info.plist */,
				805CA0AB1E2179DE00BDA8A9 /* GoogleService-Info.plist */,
			);
			path = TeamManager;
			sourceTree = "<group>";
		};
		80F71A1D1E12E5A3007E14EB /* Controller */ = {
			isa = PBXGroup;
			children = (
				80EF1BF01E10548000009003 /* LoginViewController.swift */,
				80F71A1E1E12E5B9007E14EB /* TaskListViewController.swift */,
				80C2D2FA1E14348900307B44 /* AddTaskViewController.swift */,
				800786371E1B1DEE00800EBC /* TaskSubViewsLauncher.swift */,
			);
			name = Controller;
			sourceTree = "<group>";
		};
		80F71A201E12E82D007E14EB /* Model */ = {
			isa = PBXGroup;
			children = (
				80F71A211E12E83D007E14EB /* Task.swift */,
				80F71A231E12ED36007E14EB /* TaskCell.swift */,
				80B882071E273AC5007A6565 /* User.swift */,
			);
			name = Model;
			sourceTree = "<group>";
		};
		8C65AFA399A96CBC5CD5327D /* Frameworks */ = {
			isa = PBXGroup;
			children = (
				BE57106949BE91144468C64F /* Pods_TeamManager.framework */,
			);
			name = Frameworks;
			sourceTree = "<group>";
		};
		C0868668C51020AF2D3DE191 /* Pods */ = {
			isa = PBXGroup;
			children = (
				BAC9A037FF07C36334E42A8C /* Pods-TeamManager.debug.xcconfig */,
				4155466D80CBB3AA97B9AF35 /* Pods-TeamManager.release.xcconfig */,
			);
			name = Pods;
			sourceTree = "<group>";
		};
/* End PBXGroup section */

/* Begin PBXNativeTarget section */
		8031AE031E104B4400214059 /* TeamManager */ = {
			isa = PBXNativeTarget;
			buildConfigurationList = 8031AE161E104B4400214059 /* Build configuration list for PBXNativeTarget "TeamManager" */;
			buildPhases = (
				8EDE5820D0B12C58CFF283D1 /* [CP] Check Pods Manifest.lock */,
				8031AE001E104B4400214059 /* Sources */,
				8031AE011E104B4400214059 /* Frameworks */,
				8031AE021E104B4400214059 /* Resources */,
				B4E95C58B8133A5EB2F26F12 /* [CP] Embed Pods Frameworks */,
				F39599B1AF92678B093F4645 /* [CP] Copy Pods Resources */,
			);
			buildRules = (
			);
			dependencies = (
			);
			name = TeamManager;
			productName = TeamManager;
			productReference = 8031AE041E104B4400214059 /* TeamManager.app */;
			productType = "com.apple.product-type.application";
		};
/* End PBXNativeTarget section */

/* Begin PBXProject section */
		8031ADFC1E104B4400214059 /* Project object */ = {
			isa = PBXProject;
			attributes = {
				LastSwiftUpdateCheck = 0820;
				LastUpgradeCheck = 0820;
				ORGANIZATIONNAME = "Manuel S. Gomez";
				TargetAttributes = {
					8031AE031E104B4400214059 = {
						CreatedOnToolsVersion = 8.2.1;
						DevelopmentTeam = 2L722N9NTE;
						ProvisioningStyle = Automatic;
					};
				};
			};
			buildConfigurationList = 8031ADFF1E104B4400214059 /* Build configuration list for PBXProject "TeamManager" */;
			compatibilityVersion = "Xcode 3.2";
			developmentRegion = English;
			hasScannedForEncodings = 0;
			knownRegions = (
				en,
				Base,
			);
			mainGroup = 8031ADFB1E104B4400214059;
			productRefGroup = 8031AE051E104B4400214059 /* Products */;
			projectDirPath = "";
			projectRoot = "";
			targets = (
				8031AE031E104B4400214059 /* TeamManager */,
			);
		};
/* End PBXProject section */

/* Begin PBXResourcesBuildPhase section */
		8031AE021E104B4400214059 /* Resources */ = {
			isa = PBXResourcesBuildPhase;
			buildActionMask = 2147483647;
			files = (
				805CA0AC1E2179DE00BDA8A9 /* GoogleService-Info.plist in Resources */,
				8031AE0F1E104B4400214059 /* Assets.xcassets in Resources */,
				80E601141E27138C00E02E6F /* Launch Screen.storyboard in Resources */,
				8031AE0D1E104B4400214059 /* Main.storyboard in Resources */,
			);
			runOnlyForDeploymentPostprocessing = 0;
		};
/* End PBXResourcesBuildPhase section */

/* Begin PBXShellScriptBuildPhase section */
		8EDE5820D0B12C58CFF283D1 /* [CP] Check Pods Manifest.lock */ = {
			isa = PBXShellScriptBuildPhase;
			buildActionMask = 2147483647;
			files = (
			);
			inputPaths = (
			);
			name = "[CP] Check Pods Manifest.lock";
			outputPaths = (
			);
			runOnlyForDeploymentPostprocessing = 0;
			shellPath = /bin/sh;
			shellScript = "diff \"${PODS_ROOT}/../Podfile.lock\" \"${PODS_ROOT}/Manifest.lock\" > /dev/null\nif [ $? != 0 ] ; then\n    # print error to STDERR\n    echo \"error: The sandbox is not in sync with the Podfile.lock. Run 'pod install' or update your CocoaPods installation.\" >&2\n    exit 1\nfi\n";
			showEnvVarsInLog = 0;
		};
		B4E95C58B8133A5EB2F26F12 /* [CP] Embed Pods Frameworks */ = {
			isa = PBXShellScriptBuildPhase;
			buildActionMask = 2147483647;
			files = (
			);
			inputPaths = (
			);
			name = "[CP] Embed Pods Frameworks";
			outputPaths = (
			);
			runOnlyForDeploymentPostprocessing = 0;
			shellPath = /bin/sh;
			shellScript = "\"${SRCROOT}/Pods/Target Support Files/Pods-TeamManager/Pods-TeamManager-frameworks.sh\"\n";
			showEnvVarsInLog = 0;
		};
		F39599B1AF92678B093F4645 /* [CP] Copy Pods Resources */ = {
			isa = PBXShellScriptBuildPhase;
			buildActionMask = 2147483647;
			files = (
			);
			inputPaths = (
			);
			name = "[CP] Copy Pods Resources";
			outputPaths = (
			);
			runOnlyForDeploymentPostprocessing = 0;
			shellPath = /bin/sh;
			shellScript = "\"${SRCROOT}/Pods/Target Support Files/Pods-TeamManager/Pods-TeamManager-resources.sh\"\n";
			showEnvVarsInLog = 0;
		};
/* End PBXShellScriptBuildPhase section */

/* Begin PBXSourcesBuildPhase section */
		8031AE001E104B4400214059 /* Sources */ = {
			isa = PBXSourcesBuildPhase;
			buildActionMask = 2147483647;
			files = (
				80F71A221E12E83D007E14EB /* Task.swift in Sources */,
				800786381E1B1DEE00800EBC /* TaskSubViewsLauncher.swift in Sources */,
				80C2D2FB1E14348900307B44 /* AddTaskViewController.swift in Sources */,
				80EF1BF11E10548000009003 /* LoginViewController.swift in Sources */,
				80B882081E273AC5007A6565 /* User.swift in Sources */,
				8031AE081E104B4400214059 /* AppDelegate.swift in Sources */,
				80F71A241E12ED36007E14EB /* TaskCell.swift in Sources */,
				80F71A1F1E12E5B9007E14EB /* TaskListViewController.swift in Sources */,
			);
			runOnlyForDeploymentPostprocessing = 0;
		};
/* End PBXSourcesBuildPhase section */

/* Begin PBXVariantGroup section */
		8031AE0B1E104B4400214059 /* Main.storyboard */ = {
			isa = PBXVariantGroup;
			children = (
				8031AE0C1E104B4400214059 /* Base */,
			);
			name = Main.storyboard;
			sourceTree = "<group>";
		};
/* End PBXVariantGroup section */

/* Begin XCBuildConfiguration section */
		8031AE141E104B4400214059 /* Debug */ = {
			isa = XCBuildConfiguration;
			buildSettings = {
				ALWAYS_SEARCH_USER_PATHS = NO;
				CLANG_ANALYZER_NONNULL = YES;
				CLANG_CXX_LANGUAGE_STANDARD = "gnu++0x";
				CLANG_CXX_LIBRARY = "libc++";
				CLANG_ENABLE_MODULES = YES;
				CLANG_ENABLE_OBJC_ARC = YES;
				CLANG_WARN_BOOL_CONVERSION = YES;
				CLANG_WARN_CONSTANT_CONVERSION = YES;
				CLANG_WARN_DIRECT_OBJC_ISA_USAGE = YES_ERROR;
				CLANG_WARN_DOCUMENTATION_COMMENTS = YES;
				CLANG_WARN_EMPTY_BODY = YES;
				CLANG_WARN_ENUM_CONVERSION = YES;
				CLANG_WARN_INFINITE_RECURSION = YES;
				CLANG_WARN_INT_CONVERSION = YES;
				CLANG_WARN_OBJC_ROOT_CLASS = YES_ERROR;
				CLANG_WARN_SUSPICIOUS_MOVE = YES;
				CLANG_WARN_UNREACHABLE_CODE = YES;
				CLANG_WARN__DUPLICATE_METHOD_MATCH = YES;
				"CODE_SIGN_IDENTITY[sdk=iphoneos*]" = "iPhone Developer";
				COPY_PHASE_STRIP = NO;
				DEBUG_INFORMATION_FORMAT = dwarf;
				ENABLE_STRICT_OBJC_MSGSEND = YES;
				ENABLE_TESTABILITY = YES;
				GCC_C_LANGUAGE_STANDARD = gnu99;
				GCC_DYNAMIC_NO_PIC = NO;
				GCC_NO_COMMON_BLOCKS = YES;
				GCC_OPTIMIZATION_LEVEL = 0;
				GCC_PREPROCESSOR_DEFINITIONS = (
					"DEBUG=1",
					"$(inherited)",
				);
				GCC_WARN_64_TO_32_BIT_CONVERSION = YES;
				GCC_WARN_ABOUT_RETURN_TYPE = YES_ERROR;
				GCC_WARN_UNDECLARED_SELECTOR = YES;
				GCC_WARN_UNINITIALIZED_AUTOS = YES_AGGRESSIVE;
				GCC_WARN_UNUSED_FUNCTION = YES;
				GCC_WARN_UNUSED_VARIABLE = YES;
				IPHONEOS_DEPLOYMENT_TARGET = 10.1;
				MTL_ENABLE_DEBUG_INFO = YES;
				ONLY_ACTIVE_ARCH = YES;
				SDKROOT = iphoneos;
				SWIFT_ACTIVE_COMPILATION_CONDITIONS = DEBUG;
				SWIFT_OPTIMIZATION_LEVEL = "-Onone";
				TARGETED_DEVICE_FAMILY = "1,2";
			};
			name = Debug;
		};
		8031AE151E104B4400214059 /* Release */ = {
			isa = XCBuildConfiguration;
			buildSettings = {
				ALWAYS_SEARCH_USER_PATHS = NO;
				CLANG_ANALYZER_NONNULL = YES;
				CLANG_CXX_LANGUAGE_STANDARD = "gnu++0x";
				CLANG_CXX_LIBRARY = "libc++";
				CLANG_ENABLE_MODULES = YES;
				CLANG_ENABLE_OBJC_ARC = YES;
				CLANG_WARN_BOOL_CONVERSION = YES;
				CLANG_WARN_CONSTANT_CONVERSION = YES;
				CLANG_WARN_DIRECT_OBJC_ISA_USAGE = YES_ERROR;
				CLANG_WARN_DOCUMENTATION_COMMENTS = YES;
				CLANG_WARN_EMPTY_BODY = YES;
				CLANG_WARN_ENUM_CONVERSION = YES;
				CLANG_WARN_INFINITE_RECURSION = YES;
				CLANG_WARN_INT_CONVERSION = YES;
				CLANG_WARN_OBJC_ROOT_CLASS = YES_ERROR;
				CLANG_WARN_SUSPICIOUS_MOVE = YES;
				CLANG_WARN_UNREACHABLE_CODE = YES;
				CLANG_WARN__DUPLICATE_METHOD_MATCH = YES;
				"CODE_SIGN_IDENTITY[sdk=iphoneos*]" = "iPhone Developer";
				COPY_PHASE_STRIP = NO;
				DEBUG_INFORMATION_FORMAT = "dwarf-with-dsym";
				ENABLE_NS_ASSERTIONS = NO;
				ENABLE_STRICT_OBJC_MSGSEND = YES;
				GCC_C_LANGUAGE_STANDARD = gnu99;
				GCC_NO_COMMON_BLOCKS = YES;
				GCC_WARN_64_TO_32_BIT_CONVERSION = YES;
				GCC_WARN_ABOUT_RETURN_TYPE = YES_ERROR;
				GCC_WARN_UNDECLARED_SELECTOR = YES;
				GCC_WARN_UNINITIALIZED_AUTOS = YES_AGGRESSIVE;
				GCC_WARN_UNUSED_FUNCTION = YES;
				GCC_WARN_UNUSED_VARIABLE = YES;
				IPHONEOS_DEPLOYMENT_TARGET = 10.1;
				MTL_ENABLE_DEBUG_INFO = NO;
				SDKROOT = iphoneos;
				SWIFT_OPTIMIZATION_LEVEL = "-Owholemodule";
				TARGETED_DEVICE_FAMILY = "1,2";
				VALIDATE_PRODUCT = YES;
			};
			name = Release;
		};
		8031AE171E104B4400214059 /* Debug */ = {
			isa = XCBuildConfiguration;
			baseConfigurationReference = BAC9A037FF07C36334E42A8C /* Pods-TeamManager.debug.xcconfig */;
			buildSettings = {
				ASSETCATALOG_COMPILER_APPICON_NAME = AppIcon;
				"CODE_SIGN_IDENTITY[sdk=iphoneos*]" = "iPhone Developer";
				DEVELOPMENT_TEAM = 2L722N9NTE;
				INFOPLIST_FILE = TeamManager/Info.plist;
				IPHONEOS_DEPLOYMENT_TARGET = 10.2;
				LD_RUNPATH_SEARCH_PATHS = "$(inherited) @executable_path/Frameworks";
				PRODUCT_BUNDLE_IDENTIFIER = com.msgomezm.TeamManager;
				PRODUCT_NAME = "$(TARGET_NAME)";
				SWIFT_VERSION = 3.0;
				TARGETED_DEVICE_FAMILY = "1,2";
			};
			name = Debug;
		};
		8031AE181E104B4400214059 /* Release */ = {
			isa = XCBuildConfiguration;
			baseConfigurationReference = 4155466D80CBB3AA97B9AF35 /* Pods-TeamManager.release.xcconfig */;
			buildSettings = {
				ASSETCATALOG_COMPILER_APPICON_NAME = AppIcon;
				"CODE_SIGN_IDENTITY[sdk=iphoneos*]" = "iPhone Developer";
				DEVELOPMENT_TEAM = 2L722N9NTE;
				INFOPLIST_FILE = TeamManager/Info.plist;
				IPHONEOS_DEPLOYMENT_TARGET = 10.2;
				LD_RUNPATH_SEARCH_PATHS = "$(inherited) @executable_path/Frameworks";
				PRODUCT_BUNDLE_IDENTIFIER = com.msgomezm.TeamManager;
				PRODUCT_NAME = "$(TARGET_NAME)";
				SWIFT_VERSION = 3.0;
				TARGETED_DEVICE_FAMILY = "1,2";
			};
			name = Release;
		};
/* End XCBuildConfiguration section */

/* Begin XCConfigurationList section */
		8031ADFF1E104B4400214059 /* Build configuration list for PBXProject "TeamManager" */ = {
			isa = XCConfigurationList;
			buildConfigurations = (
				8031AE141E104B4400214059 /* Debug */,
				8031AE151E104B4400214059 /* Release */,
			);
			defaultConfigurationIsVisible = 0;
			defaultConfigurationName = Release;
		};
		8031AE161E104B4400214059 /* Build configuration list for PBXNativeTarget "TeamManager" */ = {
			isa = XCConfigurationList;
			buildConfigurations = (
				8031AE171E104B4400214059 /* Debug */,
				8031AE181E104B4400214059 /* Release */,
			);
			defaultConfigurationIsVisible = 0;
			defaultConfigurationName = Release;
		};
/* End XCConfigurationList section */
	};
	rootObject = 8031ADFC1E104B4400214059 /* Project object */;
}
